// !$*UTF8*$!
{
	archiveVersion = 1;
	classes = {
	};
	objectVersion = 56;
	objects = {

/* Begin PBXBuildFile section */
		9166E4B9BA3420A05007C5C9 /* Pods_SGU_Schedule.framework in Frameworks */ = {isa = PBXBuildFile; fileRef = D9F54D7414E34166F0150B99 /* Pods_SGU_Schedule.framework */; };
		BA07C9B92AE47A5B008CDDCC /* WeekType.swift in Sources */ = {isa = PBXBuildFile; fileRef = BA07C9B82AE47A5B008CDDCC /* WeekType.swift */; };
		BA07C9BB2AE47A7B008CDDCC /* LessonType.swift in Sources */ = {isa = PBXBuildFile; fileRef = BA07C9BA2AE47A7B008CDDCC /* LessonType.swift */; };
		BA977C022AE6BE3B00F28F22 /* EventDTO.swift in Sources */ = {isa = PBXBuildFile; fileRef = BA977C012AE6BE3B00F28F22 /* EventDTO.swift */; };
		BA977C042AE6D65000F28F22 /* TimeBreakDTO.swift in Sources */ = {isa = PBXBuildFile; fileRef = BA977C032AE6D65000F28F22 /* TimeBreakDTO.swift */; };
		BA996A5B2AC4A00200888BE2 /* SGU_ScheduleIntegrationTests.swift in Sources */ = {isa = PBXBuildFile; fileRef = BA996A5A2AC4A00200888BE2 /* SGU_ScheduleIntegrationTests.swift */; };
		BA996A622AC4A0E500888BE2 /* SGU_ScheduleUnitTests.swift in Sources */ = {isa = PBXBuildFile; fileRef = BA996A612AC4A0E400888BE2 /* SGU_ScheduleUnitTests.swift */; };
		BA9B4DB02AD0A63C008A6092 /* ScheduleViewModelWithParsingSGU.swift in Sources */ = {isa = PBXBuildFile; fileRef = BA9B4DAF2AD0A63C008A6092 /* ScheduleViewModelWithParsingSGU.swift */; };
		BA9D79172ABB3AD900C36932 /* GroupsView.swift in Sources */ = {isa = PBXBuildFile; fileRef = BA9D79162ABB3AD900C36932 /* GroupsView.swift */; };
		BA9D79192ABB408100C36932 /* GroupSubview.swift in Sources */ = {isa = PBXBuildFile; fileRef = BA9D79182ABB408100C36932 /* GroupSubview.swift */; };
		BA9D791C2ABE2E4700C36932 /* GroupsSource.swift in Sources */ = {isa = PBXBuildFile; fileRef = BA9D791B2ABE2E4700C36932 /* GroupsSource.swift */; };
		BA9D791F2ABE3DEB00C36932 /* NetworkManager.swift in Sources */ = {isa = PBXBuildFile; fileRef = BA9D791E2ABE3DEB00C36932 /* NetworkManager.swift */; };
		BA9D79212ABE439F00C36932 /* LessonsNetworkManagerWithParsing.swift in Sources */ = {isa = PBXBuildFile; fileRef = BA9D79202ABE439F00C36932 /* LessonsNetworkManagerWithParsing.swift */; };
		BA9D79252AC2173B00C36932 /* LessonHTMLParserSGU.swift in Sources */ = {isa = PBXBuildFile; fileRef = BA9D79242AC2173B00C36932 /* LessonHTMLParserSGU.swift */; };
		BA9D792A2AC21C3B00C36932 /* URLSource.swift in Sources */ = {isa = PBXBuildFile; fileRef = BA9D79292AC21C3B00C36932 /* URLSource.swift */; };
		BA9D792C2AC21DDA00C36932 /* URLSourceSGU.swift in Sources */ = {isa = PBXBuildFile; fileRef = BA9D792B2AC21DDA00C36932 /* URLSourceSGU.swift */; };
		BA9D792F2AC33D2E00C36932 /* NetworkError.swift in Sources */ = {isa = PBXBuildFile; fileRef = BA9D792E2AC33D2E00C36932 /* NetworkError.swift */; };
		BAA53E522AE9203A0098F30E /* UIScreenExtension.swift in Sources */ = {isa = PBXBuildFile; fileRef = BAA53E512AE920390098F30E /* UIScreenExtension.swift */; };
		BAAEB3012AD98DCF00E90223 /* ScheduleViewModel.swift in Sources */ = {isa = PBXBuildFile; fileRef = BAAEB3002AD98DCF00E90223 /* ScheduleViewModel.swift */; };
		BAAEB3032AD98EFB00E90223 /* LessonHTMLParser.swift in Sources */ = {isa = PBXBuildFile; fileRef = BAAEB3022AD98EFB00E90223 /* LessonHTMLParser.swift */; };
		BAAEB3062AD992B000E90223 /* DateHTMLParser.swift in Sources */ = {isa = PBXBuildFile; fileRef = BAAEB3052AD992B000E90223 /* DateHTMLParser.swift */; };
		BAAEB3082AD992EF00E90223 /* DateHTMLParserSGU.swift in Sources */ = {isa = PBXBuildFile; fileRef = BAAEB3072AD992EF00E90223 /* DateHTMLParserSGU.swift */; };
		BAAEB30A2AD9953900E90223 /* GroupsHTMLParser.swift in Sources */ = {isa = PBXBuildFile; fileRef = BAAEB3092AD9953900E90223 /* GroupsHTMLParser.swift */; };
		BAAEB30C2AD998BE00E90223 /* GroupsHTMLParserSGU.swift in Sources */ = {isa = PBXBuildFile; fileRef = BAAEB30B2AD998BE00E90223 /* GroupsHTMLParserSGU.swift */; };
		BAAEB30E2AD9A35000E90223 /* DateNetworkManagerWithParsing.swift in Sources */ = {isa = PBXBuildFile; fileRef = BAAEB30D2AD9A35000E90223 /* DateNetworkManagerWithParsing.swift */; };
		BAAEB3102AD9A3BD00E90223 /* DateNetworkManager.swift in Sources */ = {isa = PBXBuildFile; fileRef = BAAEB30F2AD9A3BD00E90223 /* DateNetworkManager.swift */; };
		BAAEB3122AD9A4BE00E90223 /* GroupNetworkManager.swift in Sources */ = {isa = PBXBuildFile; fileRef = BAAEB3112AD9A4BE00E90223 /* GroupNetworkManager.swift */; };
		BAAEB3142AD9A59C00E90223 /* GroupNetworkManagerWithParsing.swift in Sources */ = {isa = PBXBuildFile; fileRef = BAAEB3132AD9A59C00E90223 /* GroupNetworkManagerWithParsing.swift */; };
		BAAEB3182ADA865500E90223 /* AcademicProgram.swift in Sources */ = {isa = PBXBuildFile; fileRef = BAAEB3172ADA865500E90223 /* AcademicProgram.swift */; };
		BAAEB31A2ADAA4CA00E90223 /* GroupsViewModel.swift in Sources */ = {isa = PBXBuildFile; fileRef = BAAEB3192ADAA4CA00E90223 /* GroupsViewModel.swift */; };
		BAAEB31C2ADAA57B00E90223 /* GroupsViewModelWithParsingSGU.swift in Sources */ = {isa = PBXBuildFile; fileRef = BAAEB31B2ADAA57B00E90223 /* GroupsViewModelWithParsingSGU.swift */; };
		BABF260E2ABB0D92003D3385 /* Launch Screen.storyboard in Resources */ = {isa = PBXBuildFile; fileRef = BABF260D2ABB0D92003D3385 /* Launch Screen.storyboard */; };
		BADAE1122AB9C0D60079E3D7 /* SGU_ScheduleApp.swift in Sources */ = {isa = PBXBuildFile; fileRef = BADAE1112AB9C0D60079E3D7 /* SGU_ScheduleApp.swift */; };
		BADAE1142AB9C0D60079E3D7 /* ScheduleView.swift in Sources */ = {isa = PBXBuildFile; fileRef = BADAE1132AB9C0D60079E3D7 /* ScheduleView.swift */; };
		BADAE1162AB9C0DA0079E3D7 /* Assets.xcassets in Resources */ = {isa = PBXBuildFile; fileRef = BADAE1152AB9C0DA0079E3D7 /* Assets.xcassets */; };
		BADAE1192AB9C0DA0079E3D7 /* Preview Assets.xcassets in Resources */ = {isa = PBXBuildFile; fileRef = BADAE1182AB9C0DA0079E3D7 /* Preview Assets.xcassets */; };
		BADAE1202AB9C3300079E3D7 /* Test.swift in Sources */ = {isa = PBXBuildFile; fileRef = BADAE11F2AB9C3300079E3D7 /* Test.swift */; };
		BADAE1222AB9CC250079E3D7 /* Podfile in Resources */ = {isa = PBXBuildFile; fileRef = BADAE1212AB9CC250079E3D7 /* Podfile */; };
		BADAE1272ABA004C0079E3D7 /* GroupDTO.swift in Sources */ = {isa = PBXBuildFile; fileRef = BADAE1262ABA004C0079E3D7 /* GroupDTO.swift */; };
		BADAE1292ABA011C0079E3D7 /* LessonDTO.swift in Sources */ = {isa = PBXBuildFile; fileRef = BADAE1282ABA011C0079E3D7 /* LessonDTO.swift */; };
		BADAE12C2ABA08650079E3D7 /* ScheduleSubview.swift in Sources */ = {isa = PBXBuildFile; fileRef = BADAE12B2ABA08650079E3D7 /* ScheduleSubview.swift */; };
		BADAE12F2ABA0B240079E3D7 /* DateExtension.swift in Sources */ = {isa = PBXBuildFile; fileRef = BADAE12E2ABA0B240079E3D7 /* DateExtension.swift */; };
		BADAE1322ABA21430079E3D7 /* Weekdays.swift in Sources */ = {isa = PBXBuildFile; fileRef = BADAE1312ABA21430079E3D7 /* Weekdays.swift */; };
		BAFA58072AEC5AFD0060BD81 /* PersistenceController.swift in Sources */ = {isa = PBXBuildFile; fileRef = BAFA58062AEC5AFC0060BD81 /* PersistenceController.swift */; };
		BAFA58092AEC5D8D0060BD81 /* CoreData_LessonExtension.swift in Sources */ = {isa = PBXBuildFile; fileRef = BAFA58082AEC5D8D0060BD81 /* CoreData_LessonExtension.swift */; };
		BAFA580C2AEC60C30060BD81 /* CoreDataModel.xcdatamodeld in Sources */ = {isa = PBXBuildFile; fileRef = BAFA580A2AEC60C30060BD81 /* CoreDataModel.xcdatamodeld */; };
		BAFA580E2AEC621D0060BD81 /* LessonCoreDataManager.swift in Sources */ = {isa = PBXBuildFile; fileRef = BAFA580D2AEC621D0060BD81 /* LessonCoreDataManager.swift */; };
		BAFA58112AECFD0B0060BD81 /* PersistenceManager.swift in Sources */ = {isa = PBXBuildFile; fileRef = BAFA58102AECFD0B0060BD81 /* PersistenceManager.swift */; };
		BAFA58132AED0EE10060BD81 /* CoreDataError.swift in Sources */ = {isa = PBXBuildFile; fileRef = BAFA58122AED0EE10060BD81 /* CoreDataError.swift */; };
		BAFA58152AED25DD0060BD81 /* GroupsKeys.swift in Sources */ = {isa = PBXBuildFile; fileRef = BAFA58142AED25DD0060BD81 /* GroupsKeys.swift */; };
		BAFA58172AED3A840060BD81 /* NetworkMonitor.swift in Sources */ = {isa = PBXBuildFile; fileRef = BAFA58162AED3A840060BD81 /* NetworkMonitor.swift */; };
		BAFB8C2C2AC766850080834C /* LessonsNetworkManager.swift in Sources */ = {isa = PBXBuildFile; fileRef = BAFB8C2B2AC766850080834C /* LessonsNetworkManager.swift */; };
/* End PBXBuildFile section */

/* Begin PBXContainerItemProxy section */
		BA996A5C2AC4A00200888BE2 /* PBXContainerItemProxy */ = {
			isa = PBXContainerItemProxy;
			containerPortal = BADAE1062AB9C0D60079E3D7 /* Project object */;
			proxyType = 1;
			remoteGlobalIDString = BADAE10D2AB9C0D60079E3D7;
			remoteInfo = SGUSchedule;
		};
/* End PBXContainerItemProxy section */

/* Begin PBXFileReference section */
		BA07C9B82AE47A5B008CDDCC /* WeekType.swift */ = {isa = PBXFileReference; lastKnownFileType = sourcecode.swift; path = WeekType.swift; sourceTree = "<group>"; };
		BA07C9BA2AE47A7B008CDDCC /* LessonType.swift */ = {isa = PBXFileReference; lastKnownFileType = sourcecode.swift; path = LessonType.swift; sourceTree = "<group>"; };
		BA977C012AE6BE3B00F28F22 /* EventDTO.swift */ = {isa = PBXFileReference; lastKnownFileType = sourcecode.swift; path = EventDTO.swift; sourceTree = "<group>"; };
		BA977C032AE6D65000F28F22 /* TimeBreakDTO.swift */ = {isa = PBXFileReference; lastKnownFileType = sourcecode.swift; path = TimeBreakDTO.swift; sourceTree = "<group>"; };
		BA996A582AC4A00200888BE2 /* SGU_ScheduleTests.xctest */ = {isa = PBXFileReference; explicitFileType = wrapper.cfbundle; includeInIndex = 0; path = SGU_ScheduleTests.xctest; sourceTree = BUILT_PRODUCTS_DIR; };
		BA996A5A2AC4A00200888BE2 /* SGU_ScheduleIntegrationTests.swift */ = {isa = PBXFileReference; lastKnownFileType = sourcecode.swift; path = SGU_ScheduleIntegrationTests.swift; sourceTree = "<group>"; };
		BA996A612AC4A0E400888BE2 /* SGU_ScheduleUnitTests.swift */ = {isa = PBXFileReference; lastKnownFileType = sourcecode.swift; path = SGU_ScheduleUnitTests.swift; sourceTree = "<group>"; };
		BA9B4DAF2AD0A63C008A6092 /* ScheduleViewModelWithParsingSGU.swift */ = {isa = PBXFileReference; lastKnownFileType = sourcecode.swift; path = ScheduleViewModelWithParsingSGU.swift; sourceTree = "<group>"; };
		BA9D79162ABB3AD900C36932 /* GroupsView.swift */ = {isa = PBXFileReference; lastKnownFileType = sourcecode.swift; path = GroupsView.swift; sourceTree = "<group>"; };
		BA9D79182ABB408100C36932 /* GroupSubview.swift */ = {isa = PBXFileReference; lastKnownFileType = sourcecode.swift; path = GroupSubview.swift; sourceTree = "<group>"; };
		BA9D791B2ABE2E4700C36932 /* GroupsSource.swift */ = {isa = PBXFileReference; lastKnownFileType = sourcecode.swift; path = GroupsSource.swift; sourceTree = "<group>"; };
		BA9D791E2ABE3DEB00C36932 /* NetworkManager.swift */ = {isa = PBXFileReference; lastKnownFileType = sourcecode.swift; path = NetworkManager.swift; sourceTree = "<group>"; };
		BA9D79202ABE439F00C36932 /* LessonsNetworkManagerWithParsing.swift */ = {isa = PBXFileReference; lastKnownFileType = sourcecode.swift; path = LessonsNetworkManagerWithParsing.swift; sourceTree = "<group>"; };
		BA9D79242AC2173B00C36932 /* LessonHTMLParserSGU.swift */ = {isa = PBXFileReference; lastKnownFileType = sourcecode.swift; path = LessonHTMLParserSGU.swift; sourceTree = "<group>"; };
		BA9D79292AC21C3B00C36932 /* URLSource.swift */ = {isa = PBXFileReference; lastKnownFileType = sourcecode.swift; path = URLSource.swift; sourceTree = "<group>"; };
		BA9D792B2AC21DDA00C36932 /* URLSourceSGU.swift */ = {isa = PBXFileReference; lastKnownFileType = sourcecode.swift; path = URLSourceSGU.swift; sourceTree = "<group>"; };
		BA9D792E2AC33D2E00C36932 /* NetworkError.swift */ = {isa = PBXFileReference; lastKnownFileType = sourcecode.swift; path = NetworkError.swift; sourceTree = "<group>"; };
		BAA53E512AE920390098F30E /* UIScreenExtension.swift */ = {isa = PBXFileReference; lastKnownFileType = sourcecode.swift; path = UIScreenExtension.swift; sourceTree = "<group>"; };
		BAAEB3002AD98DCF00E90223 /* ScheduleViewModel.swift */ = {isa = PBXFileReference; lastKnownFileType = sourcecode.swift; path = ScheduleViewModel.swift; sourceTree = "<group>"; };
		BAAEB3022AD98EFB00E90223 /* LessonHTMLParser.swift */ = {isa = PBXFileReference; lastKnownFileType = sourcecode.swift; path = LessonHTMLParser.swift; sourceTree = "<group>"; };
		BAAEB3052AD992B000E90223 /* DateHTMLParser.swift */ = {isa = PBXFileReference; lastKnownFileType = sourcecode.swift; path = DateHTMLParser.swift; sourceTree = "<group>"; };
		BAAEB3072AD992EF00E90223 /* DateHTMLParserSGU.swift */ = {isa = PBXFileReference; lastKnownFileType = sourcecode.swift; path = DateHTMLParserSGU.swift; sourceTree = "<group>"; };
		BAAEB3092AD9953900E90223 /* GroupsHTMLParser.swift */ = {isa = PBXFileReference; lastKnownFileType = sourcecode.swift; path = GroupsHTMLParser.swift; sourceTree = "<group>"; };
		BAAEB30B2AD998BE00E90223 /* GroupsHTMLParserSGU.swift */ = {isa = PBXFileReference; lastKnownFileType = sourcecode.swift; path = GroupsHTMLParserSGU.swift; sourceTree = "<group>"; };
		BAAEB30D2AD9A35000E90223 /* DateNetworkManagerWithParsing.swift */ = {isa = PBXFileReference; lastKnownFileType = sourcecode.swift; path = DateNetworkManagerWithParsing.swift; sourceTree = "<group>"; };
		BAAEB30F2AD9A3BD00E90223 /* DateNetworkManager.swift */ = {isa = PBXFileReference; lastKnownFileType = sourcecode.swift; path = DateNetworkManager.swift; sourceTree = "<group>"; };
		BAAEB3112AD9A4BE00E90223 /* GroupNetworkManager.swift */ = {isa = PBXFileReference; lastKnownFileType = sourcecode.swift; path = GroupNetworkManager.swift; sourceTree = "<group>"; };
		BAAEB3132AD9A59C00E90223 /* GroupNetworkManagerWithParsing.swift */ = {isa = PBXFileReference; lastKnownFileType = sourcecode.swift; path = GroupNetworkManagerWithParsing.swift; sourceTree = "<group>"; };
		BAAEB3172ADA865500E90223 /* AcademicProgram.swift */ = {isa = PBXFileReference; lastKnownFileType = sourcecode.swift; path = AcademicProgram.swift; sourceTree = "<group>"; };
		BAAEB3192ADAA4CA00E90223 /* GroupsViewModel.swift */ = {isa = PBXFileReference; lastKnownFileType = sourcecode.swift; path = GroupsViewModel.swift; sourceTree = "<group>"; };
		BAAEB31B2ADAA57B00E90223 /* GroupsViewModelWithParsingSGU.swift */ = {isa = PBXFileReference; lastKnownFileType = sourcecode.swift; path = GroupsViewModelWithParsingSGU.swift; sourceTree = "<group>"; };
		BABF260D2ABB0D92003D3385 /* Launch Screen.storyboard */ = {isa = PBXFileReference; lastKnownFileType = file.storyboard; path = "Launch Screen.storyboard"; sourceTree = "<group>"; };
		BADAE10E2AB9C0D60079E3D7 /* SGU_Schedule.app */ = {isa = PBXFileReference; explicitFileType = wrapper.application; includeInIndex = 0; path = SGU_Schedule.app; sourceTree = BUILT_PRODUCTS_DIR; };
		BADAE1112AB9C0D60079E3D7 /* SGU_ScheduleApp.swift */ = {isa = PBXFileReference; lastKnownFileType = sourcecode.swift; path = SGU_ScheduleApp.swift; sourceTree = "<group>"; };
		BADAE1132AB9C0D60079E3D7 /* ScheduleView.swift */ = {isa = PBXFileReference; lastKnownFileType = sourcecode.swift; path = ScheduleView.swift; sourceTree = "<group>"; };
		BADAE1152AB9C0DA0079E3D7 /* Assets.xcassets */ = {isa = PBXFileReference; lastKnownFileType = folder.assetcatalog; path = Assets.xcassets; sourceTree = "<group>"; };
		BADAE1182AB9C0DA0079E3D7 /* Preview Assets.xcassets */ = {isa = PBXFileReference; lastKnownFileType = folder.assetcatalog; path = "Preview Assets.xcassets"; sourceTree = "<group>"; };
		BADAE11F2AB9C3300079E3D7 /* Test.swift */ = {isa = PBXFileReference; lastKnownFileType = sourcecode.swift; path = Test.swift; sourceTree = "<group>"; };
		BADAE1212AB9CC250079E3D7 /* Podfile */ = {isa = PBXFileReference; lastKnownFileType = text; path = Podfile; sourceTree = "<group>"; xcLanguageSpecificationIdentifier = xcode.lang.ruby; };
		BADAE1262ABA004C0079E3D7 /* GroupDTO.swift */ = {isa = PBXFileReference; lastKnownFileType = sourcecode.swift; path = GroupDTO.swift; sourceTree = "<group>"; };
		BADAE1282ABA011C0079E3D7 /* LessonDTO.swift */ = {isa = PBXFileReference; lastKnownFileType = sourcecode.swift; path = LessonDTO.swift; sourceTree = "<group>"; };
		BADAE12B2ABA08650079E3D7 /* ScheduleSubview.swift */ = {isa = PBXFileReference; lastKnownFileType = sourcecode.swift; path = ScheduleSubview.swift; sourceTree = "<group>"; };
		BADAE12E2ABA0B240079E3D7 /* DateExtension.swift */ = {isa = PBXFileReference; lastKnownFileType = sourcecode.swift; path = DateExtension.swift; sourceTree = "<group>"; };
		BADAE1312ABA21430079E3D7 /* Weekdays.swift */ = {isa = PBXFileReference; lastKnownFileType = sourcecode.swift; path = Weekdays.swift; sourceTree = "<group>"; };
		BAFA58062AEC5AFC0060BD81 /* PersistenceController.swift */ = {isa = PBXFileReference; lastKnownFileType = sourcecode.swift; path = PersistenceController.swift; sourceTree = "<group>"; };
		BAFA58082AEC5D8D0060BD81 /* CoreData_LessonExtension.swift */ = {isa = PBXFileReference; lastKnownFileType = sourcecode.swift; path = CoreData_LessonExtension.swift; sourceTree = "<group>"; };
		BAFA580B2AEC60C30060BD81 /* CoreDataModel.xcdatamodel */ = {isa = PBXFileReference; lastKnownFileType = wrapper.xcdatamodel; path = CoreDataModel.xcdatamodel; sourceTree = "<group>"; };
		BAFA580D2AEC621D0060BD81 /* LessonCoreDataManager.swift */ = {isa = PBXFileReference; lastKnownFileType = sourcecode.swift; path = LessonCoreDataManager.swift; sourceTree = "<group>"; };
		BAFA58102AECFD0B0060BD81 /* PersistenceManager.swift */ = {isa = PBXFileReference; lastKnownFileType = sourcecode.swift; path = PersistenceManager.swift; sourceTree = "<group>"; };
		BAFA58122AED0EE10060BD81 /* CoreDataError.swift */ = {isa = PBXFileReference; lastKnownFileType = sourcecode.swift; path = CoreDataError.swift; sourceTree = "<group>"; };
		BAFA58142AED25DD0060BD81 /* GroupsKeys.swift */ = {isa = PBXFileReference; lastKnownFileType = sourcecode.swift; path = GroupsKeys.swift; sourceTree = "<group>"; };
		BAFA58162AED3A840060BD81 /* NetworkMonitor.swift */ = {isa = PBXFileReference; lastKnownFileType = sourcecode.swift; path = NetworkMonitor.swift; sourceTree = "<group>"; };
		BAFB8C2B2AC766850080834C /* LessonsNetworkManager.swift */ = {isa = PBXFileReference; lastKnownFileType = sourcecode.swift; path = LessonsNetworkManager.swift; sourceTree = "<group>"; };
		D9F54D7414E34166F0150B99 /* Pods_SGU_Schedule.framework */ = {isa = PBXFileReference; explicitFileType = wrapper.framework; includeInIndex = 0; path = Pods_SGU_Schedule.framework; sourceTree = BUILT_PRODUCTS_DIR; };
		DE0CD3E8EFED7CD871F42803 /* Pods-SGU_Schedule.debug.xcconfig */ = {isa = PBXFileReference; includeInIndex = 1; lastKnownFileType = text.xcconfig; name = "Pods-SGU_Schedule.debug.xcconfig"; path = "Target Support Files/Pods-SGU_Schedule/Pods-SGU_Schedule.debug.xcconfig"; sourceTree = "<group>"; };
		F86A2567E4A4E808A15B9B9F /* Pods-SGU_Schedule.release.xcconfig */ = {isa = PBXFileReference; includeInIndex = 1; lastKnownFileType = text.xcconfig; name = "Pods-SGU_Schedule.release.xcconfig"; path = "Target Support Files/Pods-SGU_Schedule/Pods-SGU_Schedule.release.xcconfig"; sourceTree = "<group>"; };
/* End PBXFileReference section */

/* Begin PBXFrameworksBuildPhase section */
		BA996A552AC4A00200888BE2 /* Frameworks */ = {
			isa = PBXFrameworksBuildPhase;
			buildActionMask = 2147483647;
			files = (
			);
			runOnlyForDeploymentPostprocessing = 0;
		};
		BADAE10B2AB9C0D60079E3D7 /* Frameworks */ = {
			isa = PBXFrameworksBuildPhase;
			buildActionMask = 2147483647;
			files = (
				9166E4B9BA3420A05007C5C9 /* Pods_SGU_Schedule.framework in Frameworks */,
			);
			runOnlyForDeploymentPostprocessing = 0;
		};
/* End PBXFrameworksBuildPhase section */

/* Begin PBXGroup section */
		599B7D0C1C6483F0E14B8B0D /* Frameworks */ = {
			isa = PBXGroup;
			children = (
				D9F54D7414E34166F0150B99 /* Pods_SGU_Schedule.framework */,
			);
			name = Frameworks;
			sourceTree = "<group>";
		};
		BA996A592AC4A00200888BE2 /* SGUScheduleTests */ = {
			isa = PBXGroup;
			children = (
				BA996A5A2AC4A00200888BE2 /* SGU_ScheduleIntegrationTests.swift */,
				BA996A612AC4A0E400888BE2 /* SGU_ScheduleUnitTests.swift */,
			);
			path = SGUScheduleTests;
			sourceTree = "<group>";
		};
		BA9D791A2ABE2E2F00C36932 /* Enums */ = {
			isa = PBXGroup;
			children = (
				BADAE1312ABA21430079E3D7 /* Weekdays.swift */,
				BA9D791B2ABE2E4700C36932 /* GroupsSource.swift */,
				BAAEB3172ADA865500E90223 /* AcademicProgram.swift */,
				BA07C9B82AE47A5B008CDDCC /* WeekType.swift */,
				BA07C9BA2AE47A7B008CDDCC /* LessonType.swift */,
			);
			path = Enums;
			sourceTree = "<group>";
		};
		BA9D791D2ABE3D7600C36932 /* Networking */ = {
			isa = PBXGroup;
			children = (
				BA9D79282AC21C1100C36932 /* Source */,
				BA9D79272AC2179400C36932 /* Manager */,
				BA9D79262AC2178400C36932 /* Decoding */,
				BAFA58162AED3A840060BD81 /* NetworkMonitor.swift */,
			);
			path = Networking;
			sourceTree = "<group>";
		};
		BA9D79262AC2178400C36932 /* Decoding */ = {
			isa = PBXGroup;
			children = (
				BAAEB3042AD9922700E90223 /* Protocols */,
				BA9D79242AC2173B00C36932 /* LessonHTMLParserSGU.swift */,
				BAAEB3072AD992EF00E90223 /* DateHTMLParserSGU.swift */,
				BAAEB30B2AD998BE00E90223 /* GroupsHTMLParserSGU.swift */,
			);
			path = Decoding;
			sourceTree = "<group>";
		};
		BA9D79272AC2179400C36932 /* Manager */ = {
			isa = PBXGroup;
			children = (
				BAFB8C2D2AC766E40080834C /* Protocols */,
				BA9D79202ABE439F00C36932 /* LessonsNetworkManagerWithParsing.swift */,
				BAAEB30D2AD9A35000E90223 /* DateNetworkManagerWithParsing.swift */,
				BAAEB3132AD9A59C00E90223 /* GroupNetworkManagerWithParsing.swift */,
			);
			path = Manager;
			sourceTree = "<group>";
		};
		BA9D79282AC21C1100C36932 /* Source */ = {
			isa = PBXGroup;
			children = (
				BAAEB3152AD9A78800E90223 /* Protocols */,
				BA9D792B2AC21DDA00C36932 /* URLSourceSGU.swift */,
			);
			path = Source;
			sourceTree = "<group>";
		};
		BA9D792D2AC33D1900C36932 /* Errors */ = {
			isa = PBXGroup;
			children = (
				BA9D792E2AC33D2E00C36932 /* NetworkError.swift */,
				BAFA58122AED0EE10060BD81 /* CoreDataError.swift */,
			);
			path = Errors;
			sourceTree = "<group>";
		};
		BAAEB3042AD9922700E90223 /* Protocols */ = {
			isa = PBXGroup;
			children = (
				BAAEB3022AD98EFB00E90223 /* LessonHTMLParser.swift */,
				BAAEB3052AD992B000E90223 /* DateHTMLParser.swift */,
				BAAEB3092AD9953900E90223 /* GroupsHTMLParser.swift */,
			);
			path = Protocols;
			sourceTree = "<group>";
		};
		BAAEB3152AD9A78800E90223 /* Protocols */ = {
			isa = PBXGroup;
			children = (
				BA9D79292AC21C3B00C36932 /* URLSource.swift */,
			);
			path = Protocols;
			sourceTree = "<group>";
		};
		BAAEB3162AD9A7A200E90223 /* Protocols */ = {
			isa = PBXGroup;
			children = (
				BAAEB3002AD98DCF00E90223 /* ScheduleViewModel.swift */,
				BAAEB3192ADAA4CA00E90223 /* GroupsViewModel.swift */,
			);
			path = Protocols;
			sourceTree = "<group>";
		};
		BADAE1052AB9C0D60079E3D7 = {
			isa = PBXGroup;
			children = (
				BADAE1212AB9CC250079E3D7 /* Podfile */,
				BADAE1102AB9C0D60079E3D7 /* SGU_Schedule */,
				BA996A592AC4A00200888BE2 /* SGUScheduleTests */,
				BADAE10F2AB9C0D60079E3D7 /* Products */,
				DC49557628A26C040F03DBEE /* Pods */,
				599B7D0C1C6483F0E14B8B0D /* Frameworks */,
			);
			sourceTree = "<group>";
		};
		BADAE10F2AB9C0D60079E3D7 /* Products */ = {
			isa = PBXGroup;
			children = (
				BADAE10E2AB9C0D60079E3D7 /* SGU_Schedule.app */,
				BA996A582AC4A00200888BE2 /* SGU_ScheduleTests.xctest */,
			);
			name = Products;
			sourceTree = "<group>";
		};
		BADAE1102AB9C0D60079E3D7 /* SGU_Schedule */ = {
			isa = PBXGroup;
			children = (
				BAFA580F2AECFCD30060BD81 /* Persistence */,
				BA9D791D2ABE3D7600C36932 /* Networking */,
				BADAE12D2ABA0B040079E3D7 /* Extensions */,
				BADAE1252ABA003D0079E3D7 /* ViewModels */,
				BADAE1242ABA00380079E3D7 /* Models */,
				BADAE1232ABA002C0079E3D7 /* Views */,
				BADAE1112AB9C0D60079E3D7 /* SGU_ScheduleApp.swift */,
				BADAE1152AB9C0DA0079E3D7 /* Assets.xcassets */,
				BADAE1172AB9C0DA0079E3D7 /* Preview Content */,
				BADAE11F2AB9C3300079E3D7 /* Test.swift */,
			);
			path = SGU_Schedule;
			sourceTree = "<group>";
		};
		BADAE1172AB9C0DA0079E3D7 /* Preview Content */ = {
			isa = PBXGroup;
			children = (
				BADAE1182AB9C0DA0079E3D7 /* Preview Assets.xcassets */,
			);
			path = "Preview Content";
			sourceTree = "<group>";
		};
		BADAE1232ABA002C0079E3D7 /* Views */ = {
			isa = PBXGroup;
			children = (
				BABF260D2ABB0D92003D3385 /* Launch Screen.storyboard */,
				BADAE12A2ABA074F0079E3D7 /* SubViews */,
				BADAE1132AB9C0D60079E3D7 /* ScheduleView.swift */,
				BA9D79162ABB3AD900C36932 /* GroupsView.swift */,
			);
			path = Views;
			sourceTree = "<group>";
		};
		BADAE1242ABA00380079E3D7 /* Models */ = {
			isa = PBXGroup;
			children = (
				BA9D792D2AC33D1900C36932 /* Errors */,
				BAFA57DB2AEC4DC60060BD81 /* DTO */,
				BA9D791A2ABE2E2F00C36932 /* Enums */,
			);
			path = Models;
			sourceTree = "<group>";
		};
		BADAE1252ABA003D0079E3D7 /* ViewModels */ = {
			isa = PBXGroup;
			children = (
				BAAEB3162AD9A7A200E90223 /* Protocols */,
				BA9B4DAF2AD0A63C008A6092 /* ScheduleViewModelWithParsingSGU.swift */,
				BAAEB31B2ADAA57B00E90223 /* GroupsViewModelWithParsingSGU.swift */,
				BAFA58142AED25DD0060BD81 /* GroupsKeys.swift */,
			);
			path = ViewModels;
			sourceTree = "<group>";
		};
		BADAE12A2ABA074F0079E3D7 /* SubViews */ = {
			isa = PBXGroup;
			children = (
				BADAE12B2ABA08650079E3D7 /* ScheduleSubview.swift */,
				BA9D79182ABB408100C36932 /* GroupSubview.swift */,
			);
			path = SubViews;
			sourceTree = "<group>";
		};
		BADAE12D2ABA0B040079E3D7 /* Extensions */ = {
			isa = PBXGroup;
			children = (
				BADAE12E2ABA0B240079E3D7 /* DateExtension.swift */,
				BAA53E512AE920390098F30E /* UIScreenExtension.swift */,
			);
			path = Extensions;
			sourceTree = "<group>";
		};
		BAFA57DB2AEC4DC60060BD81 /* DTO */ = {
			isa = PBXGroup;
			children = (
				BA977C012AE6BE3B00F28F22 /* EventDTO.swift */,
				BADAE1282ABA011C0079E3D7 /* LessonDTO.swift */,
				BA977C032AE6D65000F28F22 /* TimeBreakDTO.swift */,
				BADAE1262ABA004C0079E3D7 /* GroupDTO.swift */,
			);
			path = DTO;
			sourceTree = "<group>";
		};
		BAFA57DF2AEC510E0060BD81 /* Core Data */ = {
			isa = PBXGroup;
			children = (
				BAFA58062AEC5AFC0060BD81 /* PersistenceController.swift */,
				BAFA580A2AEC60C30060BD81 /* CoreDataModel.xcdatamodeld */,
				BAFA58082AEC5D8D0060BD81 /* CoreData_LessonExtension.swift */,
				BAFA580D2AEC621D0060BD81 /* LessonCoreDataManager.swift */,
			);
			path = "Core Data";
			sourceTree = "<group>";
		};
		BAFA580F2AECFCD30060BD81 /* Persistence */ = {
			isa = PBXGroup;
			children = (
				BAFA58102AECFD0B0060BD81 /* PersistenceManager.swift */,
				BAFA57DF2AEC510E0060BD81 /* Core Data */,
			);
			path = Persistence;
			sourceTree = "<group>";
		};
		BAFB8C2D2AC766E40080834C /* Protocols */ = {
			isa = PBXGroup;
			children = (
				BA9D791E2ABE3DEB00C36932 /* NetworkManager.swift */,
				BAFB8C2B2AC766850080834C /* LessonsNetworkManager.swift */,
				BAAEB30F2AD9A3BD00E90223 /* DateNetworkManager.swift */,
				BAAEB3112AD9A4BE00E90223 /* GroupNetworkManager.swift */,
			);
			path = Protocols;
			sourceTree = "<group>";
		};
		DC49557628A26C040F03DBEE /* Pods */ = {
			isa = PBXGroup;
			children = (
				DE0CD3E8EFED7CD871F42803 /* Pods-SGU_Schedule.debug.xcconfig */,
				F86A2567E4A4E808A15B9B9F /* Pods-SGU_Schedule.release.xcconfig */,
			);
			path = Pods;
			sourceTree = "<group>";
		};
/* End PBXGroup section */

/* Begin PBXNativeTarget section */
		BA996A572AC4A00200888BE2 /* SGU_ScheduleTests */ = {
			isa = PBXNativeTarget;
			buildConfigurationList = BA996A602AC4A00200888BE2 /* Build configuration list for PBXNativeTarget "SGU_ScheduleTests" */;
			buildPhases = (
				BA996A542AC4A00200888BE2 /* Sources */,
				BA996A552AC4A00200888BE2 /* Frameworks */,
				BA996A562AC4A00200888BE2 /* Resources */,
			);
			buildRules = (
			);
			dependencies = (
				BA996A5D2AC4A00200888BE2 /* PBXTargetDependency */,
			);
			name = SGU_ScheduleTests;
			productName = SGUScheduleTests;
			productReference = BA996A582AC4A00200888BE2 /* SGU_ScheduleTests.xctest */;
			productType = "com.apple.product-type.bundle.unit-test";
		};
		BADAE10D2AB9C0D60079E3D7 /* SGU_Schedule */ = {
			isa = PBXNativeTarget;
			buildConfigurationList = BADAE11C2AB9C0DA0079E3D7 /* Build configuration list for PBXNativeTarget "SGU_Schedule" */;
			buildPhases = (
				265EF9078728B580017FE433 /* [CP] Check Pods Manifest.lock */,
				BADAE10A2AB9C0D60079E3D7 /* Sources */,
				BADAE10B2AB9C0D60079E3D7 /* Frameworks */,
				BADAE10C2AB9C0D60079E3D7 /* Resources */,
				E4E4BB06B8B77DB95A25A6A9 /* [CP] Embed Pods Frameworks */,
			);
			buildRules = (
			);
			dependencies = (
			);
			name = SGU_Schedule;
			productName = SGU_Schedule;
			productReference = BADAE10E2AB9C0D60079E3D7 /* SGU_Schedule.app */;
			productType = "com.apple.product-type.application";
		};
/* End PBXNativeTarget section */

/* Begin PBXProject section */
		BADAE1062AB9C0D60079E3D7 /* Project object */ = {
			isa = PBXProject;
			attributes = {
				BuildIndependentTargetsInParallel = 1;
				LastSwiftUpdateCheck = 1430;
				LastUpgradeCheck = 1430;
				TargetAttributes = {
					BA996A572AC4A00200888BE2 = {
						CreatedOnToolsVersion = 14.3.1;
						TestTargetID = BADAE10D2AB9C0D60079E3D7;
					};
					BADAE10D2AB9C0D60079E3D7 = {
						CreatedOnToolsVersion = 14.3.1;
					};
				};
			};
			buildConfigurationList = BADAE1092AB9C0D60079E3D7 /* Build configuration list for PBXProject "SGU_Schedule" */;
			compatibilityVersion = "Xcode 14.0";
			developmentRegion = en;
			hasScannedForEncodings = 0;
			knownRegions = (
				en,
				Base,
			);
			mainGroup = BADAE1052AB9C0D60079E3D7;
			productRefGroup = BADAE10F2AB9C0D60079E3D7 /* Products */;
			projectDirPath = "";
			projectRoot = "";
			targets = (
				BADAE10D2AB9C0D60079E3D7 /* SGU_Schedule */,
				BA996A572AC4A00200888BE2 /* SGU_ScheduleTests */,
			);
		};
/* End PBXProject section */

/* Begin PBXResourcesBuildPhase section */
		BA996A562AC4A00200888BE2 /* Resources */ = {
			isa = PBXResourcesBuildPhase;
			buildActionMask = 2147483647;
			files = (
			);
			runOnlyForDeploymentPostprocessing = 0;
		};
		BADAE10C2AB9C0D60079E3D7 /* Resources */ = {
			isa = PBXResourcesBuildPhase;
			buildActionMask = 2147483647;
			files = (
				BADAE1222AB9CC250079E3D7 /* Podfile in Resources */,
				BADAE1192AB9C0DA0079E3D7 /* Preview Assets.xcassets in Resources */,
				BABF260E2ABB0D92003D3385 /* Launch Screen.storyboard in Resources */,
				BADAE1162AB9C0DA0079E3D7 /* Assets.xcassets in Resources */,
			);
			runOnlyForDeploymentPostprocessing = 0;
		};
/* End PBXResourcesBuildPhase section */

/* Begin PBXShellScriptBuildPhase section */
		265EF9078728B580017FE433 /* [CP] Check Pods Manifest.lock */ = {
			isa = PBXShellScriptBuildPhase;
			buildActionMask = 2147483647;
			files = (
			);
			inputFileListPaths = (
			);
			inputPaths = (
				"${PODS_PODFILE_DIR_PATH}/Podfile.lock",
				"${PODS_ROOT}/Manifest.lock",
			);
			name = "[CP] Check Pods Manifest.lock";
			outputFileListPaths = (
			);
			outputPaths = (
				"$(DERIVED_FILE_DIR)/Pods-SGU_Schedule-checkManifestLockResult.txt",
			);
			runOnlyForDeploymentPostprocessing = 0;
			shellPath = /bin/sh;
			shellScript = "diff \"${PODS_PODFILE_DIR_PATH}/Podfile.lock\" \"${PODS_ROOT}/Manifest.lock\" > /dev/null\nif [ $? != 0 ] ; then\n    # print error to STDERR\n    echo \"error: The sandbox is not in sync with the Podfile.lock. Run 'pod install' or update your CocoaPods installation.\" >&2\n    exit 1\nfi\n# This output is used by Xcode 'outputs' to avoid re-running this script phase.\necho \"SUCCESS\" > \"${SCRIPT_OUTPUT_FILE_0}\"\n";
			showEnvVarsInLog = 0;
		};
		E4E4BB06B8B77DB95A25A6A9 /* [CP] Embed Pods Frameworks */ = {
			isa = PBXShellScriptBuildPhase;
			buildActionMask = 2147483647;
			files = (
			);
			inputFileListPaths = (
				"${PODS_ROOT}/Target Support Files/Pods-SGU_Schedule/Pods-SGU_Schedule-frameworks-${CONFIGURATION}-input-files.xcfilelist",
			);
			name = "[CP] Embed Pods Frameworks";
			outputFileListPaths = (
				"${PODS_ROOT}/Target Support Files/Pods-SGU_Schedule/Pods-SGU_Schedule-frameworks-${CONFIGURATION}-output-files.xcfilelist",
			);
			runOnlyForDeploymentPostprocessing = 0;
			shellPath = /bin/sh;
			shellScript = "\"${PODS_ROOT}/Target Support Files/Pods-SGU_Schedule/Pods-SGU_Schedule-frameworks.sh\"\n";
			showEnvVarsInLog = 0;
		};
/* End PBXShellScriptBuildPhase section */

/* Begin PBXSourcesBuildPhase section */
		BA996A542AC4A00200888BE2 /* Sources */ = {
			isa = PBXSourcesBuildPhase;
			buildActionMask = 2147483647;
			files = (
				BA996A622AC4A0E500888BE2 /* SGU_ScheduleUnitTests.swift in Sources */,
				BA996A5B2AC4A00200888BE2 /* SGU_ScheduleIntegrationTests.swift in Sources */,
			);
			runOnlyForDeploymentPostprocessing = 0;
		};
		BADAE10A2AB9C0D60079E3D7 /* Sources */ = {
			isa = PBXSourcesBuildPhase;
			buildActionMask = 2147483647;
			files = (
				BAAEB30C2AD998BE00E90223 /* GroupsHTMLParserSGU.swift in Sources */,
				BAAEB3102AD9A3BD00E90223 /* DateNetworkManager.swift in Sources */,
				BA9D792F2AC33D2E00C36932 /* NetworkError.swift in Sources */,
				BAAEB3062AD992B000E90223 /* DateHTMLParser.swift in Sources */,
				BA9D79252AC2173B00C36932 /* LessonHTMLParserSGU.swift in Sources */,
				BAAEB30A2AD9953900E90223 /* GroupsHTMLParser.swift in Sources */,
				BAAEB30E2AD9A35000E90223 /* DateNetworkManagerWithParsing.swift in Sources */,
				BAFA58172AED3A840060BD81 /* NetworkMonitor.swift in Sources */,
				BA9D79172ABB3AD900C36932 /* GroupsView.swift in Sources */,
				BAAEB3012AD98DCF00E90223 /* ScheduleViewModel.swift in Sources */,
				BAA53E522AE9203A0098F30E /* UIScreenExtension.swift in Sources */,
				BADAE1142AB9C0D60079E3D7 /* ScheduleView.swift in Sources */,
				BAFA58092AEC5D8D0060BD81 /* CoreData_LessonExtension.swift in Sources */,
				BAAEB3122AD9A4BE00E90223 /* GroupNetworkManager.swift in Sources */,
				BA9D791C2ABE2E4700C36932 /* GroupsSource.swift in Sources */,
				BAFA580C2AEC60C30060BD81 /* CoreDataModel.xcdatamodeld in Sources */,
				BAFA58112AECFD0B0060BD81 /* PersistenceManager.swift in Sources */,
				BAFA58132AED0EE10060BD81 /* CoreDataError.swift in Sources */,
				BAFA58072AEC5AFD0060BD81 /* PersistenceController.swift in Sources */,
				BAFB8C2C2AC766850080834C /* LessonsNetworkManager.swift in Sources */,
				BA9D79192ABB408100C36932 /* GroupSubview.swift in Sources */,
				BA9D79212ABE439F00C36932 /* LessonsNetworkManagerWithParsing.swift in Sources */,
				BADAE12F2ABA0B240079E3D7 /* DateExtension.swift in Sources */,
				BADAE1122AB9C0D60079E3D7 /* SGU_ScheduleApp.swift in Sources */,
				BAFA580E2AEC621D0060BD81 /* LessonCoreDataManager.swift in Sources */,
				BAAEB31C2ADAA57B00E90223 /* GroupsViewModelWithParsingSGU.swift in Sources */,
				BA9B4DB02AD0A63C008A6092 /* ScheduleViewModelWithParsingSGU.swift in Sources */,
				BA07C9B92AE47A5B008CDDCC /* WeekType.swift in Sources */,
				BADAE1202AB9C3300079E3D7 /* Test.swift in Sources */,
				BADAE1292ABA011C0079E3D7 /* LessonDTO.swift in Sources */,
				BA9D792C2AC21DDA00C36932 /* URLSourceSGU.swift in Sources */,
				BADAE1272ABA004C0079E3D7 /* GroupDTO.swift in Sources */,
				BADAE1322ABA21430079E3D7 /* Weekdays.swift in Sources */,
				BA07C9BB2AE47A7B008CDDCC /* LessonType.swift in Sources */,
				BA9D791F2ABE3DEB00C36932 /* NetworkManager.swift in Sources */,
				BAAEB3182ADA865500E90223 /* AcademicProgram.swift in Sources */,
				BA977C022AE6BE3B00F28F22 /* EventDTO.swift in Sources */,
				BAAEB3082AD992EF00E90223 /* DateHTMLParserSGU.swift in Sources */,
				BAAEB3142AD9A59C00E90223 /* GroupNetworkManagerWithParsing.swift in Sources */,
				BA977C042AE6D65000F28F22 /* TimeBreakDTO.swift in Sources */,
				BADAE12C2ABA08650079E3D7 /* ScheduleSubview.swift in Sources */,
				BAAEB31A2ADAA4CA00E90223 /* GroupsViewModel.swift in Sources */,
				BAAEB3032AD98EFB00E90223 /* LessonHTMLParser.swift in Sources */,
				BAFA58152AED25DD0060BD81 /* GroupsKeys.swift in Sources */,
				BA9D792A2AC21C3B00C36932 /* URLSource.swift in Sources */,
			);
			runOnlyForDeploymentPostprocessing = 0;
		};
/* End PBXSourcesBuildPhase section */

/* Begin PBXTargetDependency section */
		BA996A5D2AC4A00200888BE2 /* PBXTargetDependency */ = {
			isa = PBXTargetDependency;
			target = BADAE10D2AB9C0D60079E3D7 /* SGU_Schedule */;
			targetProxy = BA996A5C2AC4A00200888BE2 /* PBXContainerItemProxy */;
		};
/* End PBXTargetDependency section */

/* Begin XCBuildConfiguration section */
		BA996A5E2AC4A00200888BE2 /* Debug */ = {
			isa = XCBuildConfiguration;
			baseConfigurationReference = DE0CD3E8EFED7CD871F42803 /* Pods-SGU_Schedule.debug.xcconfig */;
			buildSettings = {
				BUNDLE_LOADER = "$(TEST_HOST)";
				CODE_SIGN_STYLE = Automatic;
				CURRENT_PROJECT_VERSION = 1;
				DEVELOPMENT_TEAM = 2SJ5X5ARC2;
				GENERATE_INFOPLIST_FILE = YES;
				MARKETING_VERSION = 1.0;
				PRODUCT_BUNDLE_IDENTIFIER = qwerty.SGUScheduleTests;
				PRODUCT_NAME = "$(TARGET_NAME)";
				SWIFT_EMIT_LOC_STRINGS = NO;
				SWIFT_VERSION = 5.0;
				TARGETED_DEVICE_FAMILY = "1,2";
				TEST_HOST = "$(BUILT_PRODUCTS_DIR)/SGU_Schedule.app/$(BUNDLE_EXECUTABLE_FOLDER_PATH)/SGU_Schedule";
			};
			name = Debug;
		};
		BA996A5F2AC4A00200888BE2 /* Release */ = {
			isa = XCBuildConfiguration;
			buildSettings = {
				BUNDLE_LOADER = "$(TEST_HOST)";
				CODE_SIGN_STYLE = Automatic;
				CURRENT_PROJECT_VERSION = 1;
				DEVELOPMENT_TEAM = 2SJ5X5ARC2;
				GENERATE_INFOPLIST_FILE = YES;
				MARKETING_VERSION = 1.0;
				PRODUCT_BUNDLE_IDENTIFIER = qwerty.SGUScheduleTests;
				PRODUCT_NAME = "$(TARGET_NAME)";
				SWIFT_EMIT_LOC_STRINGS = NO;
				SWIFT_VERSION = 5.0;
				TARGETED_DEVICE_FAMILY = "1,2";
				TEST_HOST = "$(BUILT_PRODUCTS_DIR)/SGU_Schedule.app/$(BUNDLE_EXECUTABLE_FOLDER_PATH)/SGU_Schedule";
			};
			name = Release;
		};
		BADAE11A2AB9C0DA0079E3D7 /* Debug */ = {
			isa = XCBuildConfiguration;
			buildSettings = {
				ALWAYS_SEARCH_USER_PATHS = NO;
				CLANG_ANALYZER_NONNULL = YES;
				CLANG_ANALYZER_NUMBER_OBJECT_CONVERSION = YES_AGGRESSIVE;
				CLANG_CXX_LANGUAGE_STANDARD = "gnu++20";
				CLANG_ENABLE_MODULES = YES;
				CLANG_ENABLE_OBJC_ARC = YES;
				CLANG_ENABLE_OBJC_WEAK = YES;
				CLANG_WARN_BLOCK_CAPTURE_AUTORELEASING = YES;
				CLANG_WARN_BOOL_CONVERSION = YES;
				CLANG_WARN_COMMA = YES;
				CLANG_WARN_CONSTANT_CONVERSION = YES;
				CLANG_WARN_DEPRECATED_OBJC_IMPLEMENTATIONS = YES;
				CLANG_WARN_DIRECT_OBJC_ISA_USAGE = YES_ERROR;
				CLANG_WARN_DOCUMENTATION_COMMENTS = YES;
				CLANG_WARN_EMPTY_BODY = YES;
				CLANG_WARN_ENUM_CONVERSION = YES;
				CLANG_WARN_INFINITE_RECURSION = YES;
				CLANG_WARN_INT_CONVERSION = YES;
				CLANG_WARN_NON_LITERAL_NULL_CONVERSION = YES;
				CLANG_WARN_OBJC_IMPLICIT_RETAIN_SELF = YES;
				CLANG_WARN_OBJC_LITERAL_CONVERSION = YES;
				CLANG_WARN_OBJC_ROOT_CLASS = YES_ERROR;
				CLANG_WARN_QUOTED_INCLUDE_IN_FRAMEWORK_HEADER = YES;
				CLANG_WARN_RANGE_LOOP_ANALYSIS = YES;
				CLANG_WARN_STRICT_PROTOTYPES = YES;
				CLANG_WARN_SUSPICIOUS_MOVE = YES;
				CLANG_WARN_UNGUARDED_AVAILABILITY = YES_AGGRESSIVE;
				CLANG_WARN_UNREACHABLE_CODE = YES;
				CLANG_WARN__DUPLICATE_METHOD_MATCH = YES;
				COPY_PHASE_STRIP = NO;
				DEBUG_INFORMATION_FORMAT = dwarf;
				ENABLE_STRICT_OBJC_MSGSEND = YES;
				ENABLE_TESTABILITY = YES;
				GCC_C_LANGUAGE_STANDARD = gnu11;
				GCC_DYNAMIC_NO_PIC = NO;
				GCC_NO_COMMON_BLOCKS = YES;
				GCC_OPTIMIZATION_LEVEL = 0;
				GCC_PREPROCESSOR_DEFINITIONS = (
					"DEBUG=1",
					"$(inherited)",
				);
				GCC_WARN_64_TO_32_BIT_CONVERSION = YES;
				GCC_WARN_ABOUT_RETURN_TYPE = YES_ERROR;
				GCC_WARN_UNDECLARED_SELECTOR = YES;
				GCC_WARN_UNINITIALIZED_AUTOS = YES_AGGRESSIVE;
				GCC_WARN_UNUSED_FUNCTION = YES;
				GCC_WARN_UNUSED_VARIABLE = YES;
				IPHONEOS_DEPLOYMENT_TARGET = 16.4;
				MTL_ENABLE_DEBUG_INFO = INCLUDE_SOURCE;
				MTL_FAST_MATH = YES;
				ONLY_ACTIVE_ARCH = YES;
				SDKROOT = iphoneos;
				SWIFT_ACTIVE_COMPILATION_CONDITIONS = DEBUG;
				SWIFT_OPTIMIZATION_LEVEL = "-Onone";
			};
			name = Debug;
		};
		BADAE11B2AB9C0DA0079E3D7 /* Release */ = {
			isa = XCBuildConfiguration;
			buildSettings = {
				ALWAYS_SEARCH_USER_PATHS = NO;
				CLANG_ANALYZER_NONNULL = YES;
				CLANG_ANALYZER_NUMBER_OBJECT_CONVERSION = YES_AGGRESSIVE;
				CLANG_CXX_LANGUAGE_STANDARD = "gnu++20";
				CLANG_ENABLE_MODULES = YES;
				CLANG_ENABLE_OBJC_ARC = YES;
				CLANG_ENABLE_OBJC_WEAK = YES;
				CLANG_WARN_BLOCK_CAPTURE_AUTORELEASING = YES;
				CLANG_WARN_BOOL_CONVERSION = YES;
				CLANG_WARN_COMMA = YES;
				CLANG_WARN_CONSTANT_CONVERSION = YES;
				CLANG_WARN_DEPRECATED_OBJC_IMPLEMENTATIONS = YES;
				CLANG_WARN_DIRECT_OBJC_ISA_USAGE = YES_ERROR;
				CLANG_WARN_DOCUMENTATION_COMMENTS = YES;
				CLANG_WARN_EMPTY_BODY = YES;
				CLANG_WARN_ENUM_CONVERSION = YES;
				CLANG_WARN_INFINITE_RECURSION = YES;
				CLANG_WARN_INT_CONVERSION = YES;
				CLANG_WARN_NON_LITERAL_NULL_CONVERSION = YES;
				CLANG_WARN_OBJC_IMPLICIT_RETAIN_SELF = YES;
				CLANG_WARN_OBJC_LITERAL_CONVERSION = YES;
				CLANG_WARN_OBJC_ROOT_CLASS = YES_ERROR;
				CLANG_WARN_QUOTED_INCLUDE_IN_FRAMEWORK_HEADER = YES;
				CLANG_WARN_RANGE_LOOP_ANALYSIS = YES;
				CLANG_WARN_STRICT_PROTOTYPES = YES;
				CLANG_WARN_SUSPICIOUS_MOVE = YES;
				CLANG_WARN_UNGUARDED_AVAILABILITY = YES_AGGRESSIVE;
				CLANG_WARN_UNREACHABLE_CODE = YES;
				CLANG_WARN__DUPLICATE_METHOD_MATCH = YES;
				COPY_PHASE_STRIP = NO;
				DEBUG_INFORMATION_FORMAT = "dwarf-with-dsym";
				ENABLE_NS_ASSERTIONS = NO;
				ENABLE_STRICT_OBJC_MSGSEND = YES;
				GCC_C_LANGUAGE_STANDARD = gnu11;
				GCC_NO_COMMON_BLOCKS = YES;
				GCC_WARN_64_TO_32_BIT_CONVERSION = YES;
				GCC_WARN_ABOUT_RETURN_TYPE = YES_ERROR;
				GCC_WARN_UNDECLARED_SELECTOR = YES;
				GCC_WARN_UNINITIALIZED_AUTOS = YES_AGGRESSIVE;
				GCC_WARN_UNUSED_FUNCTION = YES;
				GCC_WARN_UNUSED_VARIABLE = YES;
				IPHONEOS_DEPLOYMENT_TARGET = 16.4;
				MTL_ENABLE_DEBUG_INFO = NO;
				MTL_FAST_MATH = YES;
				SDKROOT = iphoneos;
				SWIFT_COMPILATION_MODE = wholemodule;
				SWIFT_OPTIMIZATION_LEVEL = "-O";
				VALIDATE_PRODUCT = YES;
			};
			name = Release;
		};
		BADAE11D2AB9C0DA0079E3D7 /* Debug */ = {
			isa = XCBuildConfiguration;
			baseConfigurationReference = DE0CD3E8EFED7CD871F42803 /* Pods-SGU_Schedule.debug.xcconfig */;
			buildSettings = {
				ASSETCATALOG_COMPILER_APPICON_NAME = AppIcon;
				ASSETCATALOG_COMPILER_GLOBAL_ACCENT_COLOR_NAME = AccentColor;
				CODE_SIGN_STYLE = Automatic;
				CURRENT_PROJECT_VERSION = 1;
				DEVELOPMENT_ASSET_PATHS = "\"SGU_Schedule/Preview Content\"";
				DEVELOPMENT_TEAM = 2SJ5X5ARC2;
				ENABLE_PREVIEWS = YES;
				GENERATE_INFOPLIST_FILE = YES;
				INFOPLIST_KEY_CFBundleDisplayName = "Расписание";
				INFOPLIST_KEY_LSApplicationCategoryType = "public.app-category.education";
				INFOPLIST_KEY_UIApplicationSceneManifest_Generation = YES;
				INFOPLIST_KEY_UIApplicationSupportsIndirectInputEvents = YES;
				INFOPLIST_KEY_UILaunchScreen_Generation = YES;
				INFOPLIST_KEY_UILaunchStoryboardName = "Launch Screen.storyboard";
				INFOPLIST_KEY_UISupportedInterfaceOrientations = UIInterfaceOrientationPortrait;
				INFOPLIST_KEY_UISupportedInterfaceOrientations_iPad = "UIInterfaceOrientationLandscapeLeft UIInterfaceOrientationLandscapeRight UIInterfaceOrientationPortrait UIInterfaceOrientationPortraitUpsideDown";
				IPHONEOS_DEPLOYMENT_TARGET = 16.4;
				LD_RUNPATH_SEARCH_PATHS = (
					"$(inherited)",
					"@executable_path/Frameworks",
				);
				MARKETING_VERSION = 1.0;
				PRODUCT_BUNDLE_IDENTIFIER = qwerty.SGUSchedule;
				PRODUCT_NAME = "$(TARGET_NAME)";
				SWIFT_EMIT_LOC_STRINGS = YES;
				SWIFT_VERSION = 5.0;
				TARGETED_DEVICE_FAMILY = "1,2";
			};
			name = Debug;
		};
		BADAE11E2AB9C0DA0079E3D7 /* Release */ = {
			isa = XCBuildConfiguration;
			baseConfigurationReference = F86A2567E4A4E808A15B9B9F /* Pods-SGU_Schedule.release.xcconfig */;
			buildSettings = {
				ASSETCATALOG_COMPILER_APPICON_NAME = AppIcon;
				ASSETCATALOG_COMPILER_GLOBAL_ACCENT_COLOR_NAME = AccentColor;
				CODE_SIGN_STYLE = Automatic;
				CURRENT_PROJECT_VERSION = 1;
				DEVELOPMENT_ASSET_PATHS = "\"SGU_Schedule/Preview Content\"";
				DEVELOPMENT_TEAM = 2SJ5X5ARC2;
				ENABLE_PREVIEWS = YES;
				GENERATE_INFOPLIST_FILE = YES;
				INFOPLIST_KEY_CFBundleDisplayName = "Расписание";
				INFOPLIST_KEY_LSApplicationCategoryType = "public.app-category.education";
				INFOPLIST_KEY_UIApplicationSceneManifest_Generation = YES;
				INFOPLIST_KEY_UIApplicationSupportsIndirectInputEvents = YES;
				INFOPLIST_KEY_UILaunchScreen_Generation = YES;
				INFOPLIST_KEY_UILaunchStoryboardName = "Launch Screen.storyboard";
				INFOPLIST_KEY_UISupportedInterfaceOrientations = UIInterfaceOrientationPortrait;
				INFOPLIST_KEY_UISupportedInterfaceOrientations_iPad = "UIInterfaceOrientationLandscapeLeft UIInterfaceOrientationLandscapeRight UIInterfaceOrientationPortrait UIInterfaceOrientationPortraitUpsideDown";
				IPHONEOS_DEPLOYMENT_TARGET = 16.4;
				LD_RUNPATH_SEARCH_PATHS = (
					"$(inherited)",
					"@executable_path/Frameworks",
				);
				MARKETING_VERSION = 1.0;
				PRODUCT_BUNDLE_IDENTIFIER = qwerty.SGUSchedule;
				PRODUCT_NAME = "$(TARGET_NAME)";
				SWIFT_EMIT_LOC_STRINGS = YES;
				SWIFT_VERSION = 5.0;
				TARGETED_DEVICE_FAMILY = "1,2";
			};
			name = Release;
		};
/* End XCBuildConfiguration section */

/* Begin XCConfigurationList section */
		BA996A602AC4A00200888BE2 /* Build configuration list for PBXNativeTarget "SGU_ScheduleTests" */ = {
			isa = XCConfigurationList;
			buildConfigurations = (
				BA996A5E2AC4A00200888BE2 /* Debug */,
				BA996A5F2AC4A00200888BE2 /* Release */,
			);
			defaultConfigurationIsVisible = 0;
			defaultConfigurationName = Release;
		};
		BADAE1092AB9C0D60079E3D7 /* Build configuration list for PBXProject "SGU_Schedule" */ = {
			isa = XCConfigurationList;
			buildConfigurations = (
				BADAE11A2AB9C0DA0079E3D7 /* Debug */,
				BADAE11B2AB9C0DA0079E3D7 /* Release */,
			);
			defaultConfigurationIsVisible = 0;
			defaultConfigurationName = Release;
		};
		BADAE11C2AB9C0DA0079E3D7 /* Build configuration list for PBXNativeTarget "SGU_Schedule" */ = {
			isa = XCConfigurationList;
			buildConfigurations = (
				BADAE11D2AB9C0DA0079E3D7 /* Debug */,
				BADAE11E2AB9C0DA0079E3D7 /* Release */,
			);
			defaultConfigurationIsVisible = 0;
			defaultConfigurationName = Release;
		};
/* End XCConfigurationList section */

/* Begin XCVersionGroup section */
		BAFA580A2AEC60C30060BD81 /* CoreDataModel.xcdatamodeld */ = {
			isa = XCVersionGroup;
			children = (
				BAFA580B2AEC60C30060BD81 /* CoreDataModel.xcdatamodel */,
			);
			currentVersion = BAFA580B2AEC60C30060BD81 /* CoreDataModel.xcdatamodel */;
			path = CoreDataModel.xcdatamodeld;
			sourceTree = "<group>";
			versionGroupType = wrapper.xcdatamodel;
		};
/* End XCVersionGroup section */
	};
	rootObject = BADAE1062AB9C0D60079E3D7 /* Project object */;
}
